
Microsoft Visual Studio Solution File, Format Version 12.00
# Visual Studio Version 16
VisualStudioVersion = 16.0.30523.141
MinimumVisualStudioVersion = 10.0.40219.1
Project("{8BC9CEB8-8B4A-11D0-8D11-00A0C91BC942}") = "lab2.6", "lab2.6.vcxproj", "{FDF8CB1E-7141-41C6-BAFF-B6339C018F54}"
EndProject
Project("{8BC9CEB8-8B4A-11D0-8D11-00A0C91BC942}") = "UnitTest1", "..\UnitTest1\UnitTest1.vcxproj", "{569F04FD-8754-46A1-BA3B-04A1E820DF0C}"
EndProject
Global
	GlobalSection(SolutionConfigurationPlatforms) = preSolution
		Debug|x64 = Debug|x64
		Debug|x86 = Debug|x86
		Release|x64 = Release|x64
		Release|x86 = Release|x86
	EndGlobalSection
	GlobalSection(ProjectConfigurationPlatforms) = postSolution
		{FDF8CB1E-7141-41C6-BAFF-B6339C018F54}.Debug|x64.ActiveCfg = Debug|x64
		{FDF8CB1E-7141-41C6-BAFF-B6339C018F54}.Debug|x64.Build.0 = Debug|x64
		{FDF8CB1E-7141-41C6-BAFF-B6339C018F54}.Debug|x86.ActiveCfg = Debug|Win32
		{FDF8CB1E-7141-41C6-BAFF-B6339C018F54}.Debug|x86.Build.0 = Debug|Win32
		{FDF8CB1E-7141-41C6-BAFF-B6339C018F54}.Release|x64.ActiveCfg = Release|x64
		{FDF8CB1E-7141-41C6-BAFF-B6339C018F54}.Release|x64.Build.0 = Release|x64
		{FDF8CB1E-7141-41C6-BAFF-B6339C018F54}.Release|x86.ActiveCfg = Release|Win32
		{FDF8CB1E-7141-41C6-BAFF-B6339C018F54}.Release|x86.Build.0 = Release|Win32
		{569F04FD-8754-46A1-BA3B-04A1E820DF0C}.Debug|x64.ActiveCfg = Debug|x64
		{569F04FD-8754-46A1-BA3B-04A1E820DF0C}.Debug|x64.Build.0 = Debug|x64
		{569F04FD-8754-46A1-BA3B-04A1E820DF0C}.Debug|x86.ActiveCfg = Debug|Win32
		{569F04FD-8754-46A1-BA3B-04A1E820DF0C}.Debug|x86.Build.0 = Debug|Win32
		{569F04FD-8754-46A1-BA3B-04A1E820DF0C}.Release|x64.ActiveCfg = Release|x64
		{569F04FD-8754-46A1-BA3B-04A1E820DF0C}.Release|x64.Build.0 = Release|x64
		{569F04FD-8754-46A1-BA3B-04A1E820DF0C}.Release|x86.ActiveCfg = Release|Win32
		{569F04FD-8754-46A1-BA3B-04A1E820DF0C}.Release|x86.Build.0 = Release|Win32
	EndGlobalSection
	GlobalSection(SolutionProperties) = preSolution
		HideSolutionNode = FALSE
	EndGlobalSection
	GlobalSection(ExtensibilityGlobals) = postSolution
		SolutionGuid = {41774BC7-1E79-4EE9-A186-17ACCDE32F38}
	EndGlobalSection
EndGlobal
